
Microsoft Visual Studio Solution File, Format Version 12.00
# Visual Studio 15
VisualStudioVersion = 15.0.27703.2035
MinimumVisualStudioVersion = 10.0.40219.1
Project("{FAE04EC0-301F-11D3-BF4B-00C04F79EFBC}") = "RomanNumeralConverter", "RomanNumeralConverter\RomanNumeralConverter.csproj", "{856793E3-D676-4206-989F-D24913C57F5C}"
EndProject
Global
	GlobalSection(SolutionConfigurationPlatforms) = preSolution
		Debug|Any CPU = Debug|Any CPU
		Release|Any CPU = Release|Any CPU
	EndGlobalSection
	GlobalSection(ProjectConfigurationPlatforms) = postSolution
		{856793E3-D676-4206-989F-D24913C57F5C}.Debug|Any CPU.ActiveCfg = Debug|Any CPU
		{856793E3-D676-4206-989F-D24913C57F5C}.Debug|Any CPU.Build.0 = Debug|Any CPU
		{856793E3-D676-4206-989F-D24913C57F5C}.Release|Any CPU.ActiveCfg = Release|Any CPU
		{856793E3-D676-4206-989F-D24913C57F5C}.Release|Any CPU.Build.0 = Release|Any CPU
	EndGlobalSection
	GlobalSection(SolutionProperties) = preSolution
		HideSolutionNode = FALSE
	EndGlobalSection
	GlobalSection(ExtensibilityGlobals) = postSolution
		SolutionGuid = {5524C08E-F14C-4723-A306-7B4D287FA2F3}
	EndGlobalSection
EndGlobal
